// !$*UTF8*$!
{
	archiveVersion = 1;
	classes = {
	};
	objectVersion = 46;
	objects = {

/* Begin PBXBuildFile section */
		D5FF51DA1DEBD9870015AC1E /* AppDelegate.swift in Sources */ = {isa = PBXBuildFile; fileRef = D5FF51D91DEBD9870015AC1E /* AppDelegate.swift */; };
		D5FF51DC1DEBD9870015AC1E /* LoginVC.swift in Sources */ = {isa = PBXBuildFile; fileRef = D5FF51DB1DEBD9870015AC1E /* LoginVC.swift */; };
		D5FF51DF1DEBD9870015AC1E /* Main.storyboard in Resources */ = {isa = PBXBuildFile; fileRef = D5FF51DD1DEBD9870015AC1E /* Main.storyboard */; };
		D5FF51E11DEBD9870015AC1E /* Assets.xcassets in Resources */ = {isa = PBXBuildFile; fileRef = D5FF51E01DEBD9870015AC1E /* Assets.xcassets */; };
		D5FF51E41DEBD9870015AC1E /* LaunchScreen.storyboard in Resources */ = {isa = PBXBuildFile; fileRef = D5FF51E21DEBD9870015AC1E /* LaunchScreen.storyboard */; };
		D5FF51EC1DEBDAFD0015AC1E /* MusicListVC.swift in Sources */ = {isa = PBXBuildFile; fileRef = D5FF51EB1DEBDAFD0015AC1E /* MusicListVC.swift */; };
		D5FF51EE1DEBE2E60015AC1E /* SongVC.swift in Sources */ = {isa = PBXBuildFile; fileRef = D5FF51ED1DEBE2E60015AC1E /* SongVC.swift */; };
/* End PBXBuildFile section */

/* Begin PBXFileReference section */
		D5FF51D61DEBD9870015AC1E /* swappingScreens.app */ = {isa = PBXFileReference; explicitFileType = wrapper.application; includeInIndex = 0; path = swappingScreens.app; sourceTree = BUILT_PRODUCTS_DIR; };
		D5FF51D91DEBD9870015AC1E /* AppDelegate.swift */ = {isa = PBXFileReference; lastKnownFileType = sourcecode.swift; path = AppDelegate.swift; sourceTree = "<group>"; };
		D5FF51DB1DEBD9870015AC1E /* LoginVC.swift */ = {isa = PBXFileReference; lastKnownFileType = sourcecode.swift; path = LoginVC.swift; sourceTree = "<group>"; };
		D5FF51DE1DEBD9870015AC1E /* Base */ = {isa = PBXFileReference; lastKnownFileType = file.storyboard; name = Base; path = Base.lproj/Main.storyboard; sourceTree = "<group>"; };
		D5FF51E01DEBD9870015AC1E /* Assets.xcassets */ = {isa = PBXFileReference; lastKnownFileType = folder.assetcatalog; path = Assets.xcassets; sourceTree = "<group>"; };
		D5FF51E31DEBD9870015AC1E /* Base */ = {isa = PBXFileReference; lastKnownFileType = file.storyboard; name = Base; path = Base.lproj/LaunchScreen.storyboard; sourceTree = "<group>"; };
		D5FF51E51DEBD9870015AC1E /* Info.plist */ = {isa = PBXFileReference; lastKnownFileType = text.plist.xml; path = Info.plist; sourceTree = "<group>"; };
		D5FF51EB1DEBDAFD0015AC1E /* MusicListVC.swift */ = {isa = PBXFileReference; fileEncoding = 4; lastKnownFileType = sourcecode.swift; path = MusicListVC.swift; sourceTree = "<group>"; };
		D5FF51ED1DEBE2E60015AC1E /* SongVC.swift */ = {isa = PBXFileReference; fileEncoding = 4; lastKnownFileType = sourcecode.swift; path = SongVC.swift; sourceTree = "<group>"; };
/* End PBXFileReference section */

/* Begin PBXFrameworksBuildPhase section */
		D5FF51D31DEBD9870015AC1E /* Frameworks */ = {
			isa = PBXFrameworksBuildPhase;
			buildActionMask = 2147483647;
			files = (
			);
			runOnlyForDeploymentPostprocessing = 0;
		};
/* End PBXFrameworksBuildPhase section */

/* Begin PBXGroup section */
		D5FF51CD1DEBD9870015AC1E = {
			isa = PBXGroup;
			children = (
				D5FF51D81DEBD9870015AC1E /* swappingScreens */,
				D5FF51D71DEBD9870015AC1E /* Products */,
			);
			sourceTree = "<group>";
		};
		D5FF51D71DEBD9870015AC1E /* Products */ = {
			isa = PBXGroup;
			children = (
				D5FF51D61DEBD9870015AC1E /* swappingScreens.app */,
			);
			name = Products;
			sourceTree = "<group>";
		};
		D5FF51D81DEBD9870015AC1E /* swappingScreens */ = {
			isa = PBXGroup;
			children = (
				D5FF51D91DEBD9870015AC1E /* AppDelegate.swift */,
				D5FF51DB1DEBD9870015AC1E /* LoginVC.swift */,
				D5FF51EB1DEBDAFD0015AC1E /* MusicListVC.swift */,
				D5FF51ED1DEBE2E60015AC1E /* SongVC.swift */,
				D5FF51DD1DEBD9870015AC1E /* Main.storyboard */,
				D5FF51E01DEBD9870015AC1E /* Assets.xcassets */,
				D5FF51E21DEBD9870015AC1E /* LaunchScreen.storyboard */,
				D5FF51E51DEBD9870015AC1E /* Info.plist */,
			);
			path = swappingScreens;
			sourceTree = "<group>";
		};
/* End PBXGroup section */

/* Begin PBXNativeTarget section */
		D5FF51D51DEBD9870015AC1E /* swappingScreens */ = {
			isa = PBXNativeTarget;
			buildConfigurationList = D5FF51E81DEBD9870015AC1E /* Build configuration list for PBXNativeTarget "swappingScreens" */;
			buildPhases = (
				D5FF51D21DEBD9870015AC1E /* Sources */,
				D5FF51D31DEBD9870015AC1E /* Frameworks */,
				D5FF51D41DEBD9870015AC1E /* Resources */,
			);
			buildRules = (
			);
			dependencies = (
			);
			name = swappingScreens;
			productName = swappingScreens;
			productReference = D5FF51D61DEBD9870015AC1E /* swappingScreens.app */;
			productType = "com.apple.product-type.application";
		};
/* End PBXNativeTarget section */

/* Begin PBXProject section */
		D5FF51CE1DEBD9870015AC1E /* Project object */ = {
			isa = PBXProject;
			attributes = {
				LastSwiftUpdateCheck = 0810;
				LastUpgradeCheck = 0810;
				ORGANIZATIONNAME = Italyte;
				TargetAttributes = {
					D5FF51D51DEBD9870015AC1E = {
						CreatedOnToolsVersion = 8.1;
						ProvisioningStyle = Automatic;
					};
				};
			};
			buildConfigurationList = D5FF51D11DEBD9870015AC1E /* Build configuration list for PBXProject "swappingScreens" */;
			compatibilityVersion = "Xcode 3.2";
			developmentRegion = English;
			hasScannedForEncodings = 0;
			knownRegions = (
				en,
				Base,
			);
			mainGroup = D5FF51CD1DEBD9870015AC1E;
			productRefGroup = D5FF51D71DEBD9870015AC1E /* Products */;
			projectDirPath = "";
			projectRoot = "";
			targets = (
				D5FF51D51DEBD9870015AC1E /* swappingScreens */,
			);
		};
/* End PBXProject section */

/* Begin PBXResourcesBuildPhase section */
		D5FF51D41DEBD9870015AC1E /* Resources */ = {
			isa = PBXResourcesBuildPhase;
			buildActionMask = 2147483647;
			files = (
				D5FF51E41DEBD9870015AC1E /* LaunchScreen.storyboard in Resources */,
				D5FF51E11DEBD9870015AC1E /* Assets.xcassets in Resources */,
				D5FF51DF1DEBD9870015AC1E /* Main.storyboard in Resources */,
			);
			runOnlyForDeploymentPostprocessing = 0;
		};
/* End PBXResourcesBuildPhase section */

/* Begin PBXSourcesBuildPhase section */
		D5FF51D21DEBD9870015AC1E /* Sources */ = {
			isa = PBXSourcesBuildPhase;
			buildActionMask = 2147483647;
			files = (
				D5FF51EC1DEBDAFD0015AC1E /* MusicListVC.swift in Sources */,
				D5FF51DC1DEBD9870015AC1E /* LoginVC.swift in Sources */,
				D5FF51DA1DEBD9870015AC1E /* AppDelegate.swift in Sources */,
				D5FF51EE1DEBE2E60015AC1E /* SongVC.swift in Sources */,
			);
			runOnlyForDeploymentPostprocessing = 0;
		};
/* End PBXSourcesBuildPhase section */

/* Begin PBXVariantGroup section */
		D5FF51DD1DEBD9870015AC1E /* Main.storyboard */ = {
			isa = PBXVariantGroup;
			children = (
				D5FF51DE1DEBD9870015AC1E /* Base */,
			);
			name = Main.storyboard;
			sourceTree = "<group>";
		};
		D5FF51E21DEBD9870015AC1E /* LaunchScreen.storyboard */ = {
			isa = PBXVariantGroup;
			children = (
				D5FF51E31DEBD9870015AC1E /* Base */,
			);
			name = LaunchScreen.storyboard;
			sourceTree = "<group>";
		};
/* End PBXVariantGroup section */

/* Begin XCBuildConfiguration section */
		D5FF51E61DEBD9870015AC1E /* Debug */ = {
			isa = XCBuildConfiguration;
			buildSettings = {
				ALWAYS_SEARCH_USER_PATHS = NO;
				CLANG_ANALYZER_NONNULL = YES;
				CLANG_CXX_LANGUAGE_STANDARD = "gnu++0x";
				CLANG_CXX_LIBRARY = "libc++";
				CLANG_ENABLE_MODULES = YES;
				CLANG_ENABLE_OBJC_ARC = YES;
				CLANG_WARN_BOOL_CONVERSION = YES;
				CLANG_WARN_CONSTANT_CONVERSION = YES;
				CLANG_WARN_DIRECT_OBJC_ISA_USAGE = YES_ERROR;
				CLANG_WARN_DOCUMENTATION_COMMENTS = YES;
				CLANG_WARN_EMPTY_BODY = YES;
				CLANG_WARN_ENUM_CONVERSION = YES;
				CLANG_WARN_INFINITE_RECURSION = YES;
				CLANG_WARN_INT_CONVERSION = YES;
				CLANG_WARN_OBJC_ROOT_CLASS = YES_ERROR;
				CLANG_WARN_SUSPICIOUS_MOVES = YES;
				CLANG_WARN_UNREACHABLE_CODE = YES;
				CLANG_WARN__DUPLICATE_METHOD_MATCH = YES;
				"CODE_SIGN_IDENTITY[sdk=iphoneos*]" = "iPhone Developer";
				COPY_PHASE_STRIP = NO;
				DEBUG_INFORMATION_FORMAT = dwarf;
				ENABLE_STRICT_OBJC_MSGSEND = YES;
				ENABLE_TESTABILITY = YES;
				GCC_C_LANGUAGE_STANDARD = gnu99;
				GCC_DYNAMIC_NO_PIC = NO;
				GCC_NO_COMMON_BLOCKS = YES;
				GCC_OPTIMIZATION_LEVEL = 0;
				GCC_PREPROCESSOR_DEFINITIONS = (
					"DEBUG=1",
					"$(inherited)",
				);
				GCC_WARN_64_TO_32_BIT_CONVERSION = YES;
				GCC_WARN_ABOUT_RETURN_TYPE = YES_ERROR;
				GCC_WARN_UNDECLARED_SELECTOR = YES;
				GCC_WARN_UNINITIALIZED_AUTOS = YES_AGGRESSIVE;
				GCC_WARN_UNUSED_FUNCTION = YES;
				GCC_WARN_UNUSED_VARIABLE = YES;
				IPHONEOS_DEPLOYMENT_TARGET = 10.1;
				MTL_ENABLE_DEBUG_INFO = YES;
				ONLY_ACTIVE_ARCH = YES;
				SDKROOT = iphoneos;
				SWIFT_ACTIVE_COMPILATION_CONDITIONS = DEBUG;
				SWIFT_OPTIMIZATION_LEVEL = "-Onone";
				TARGETED_DEVICE_FAMILY = "1,2";
			};
			name = Debug;
		};
		D5FF51E71DEBD9870015AC1E /* Release */ = {
			isa = XCBuildConfiguration;
			buildSettings = {
				ALWAYS_SEARCH_USER_PATHS = NO;
				CLANG_ANALYZER_NONNULL = YES;
				CLANG_CXX_LANGUAGE_STANDARD = "gnu++0x";
				CLANG_CXX_LIBRARY = "libc++";
				CLANG_ENABLE_MODULES = YES;
				CLANG_ENABLE_OBJC_ARC = YES;
				CLANG_WARN_BOOL_CONVERSION = YES;
				CLANG_WARN_CONSTANT_CONVERSION = YES;
				CLANG_WARN_DIRECT_OBJC_ISA_USAGE = YES_ERROR;
				CLANG_WARN_DOCUMENTATION_COMMENTS = YES;
				CLANG_WARN_EMPTY_BODY = YES;
				CLANG_WARN_ENUM_CONVERSION = YES;
				CLANG_WARN_INFINITE_RECURSION = YES;
				CLANG_WARN_INT_CONVERSION = YES;
				CLANG_WARN_OBJC_ROOT_CLASS = YES_ERROR;
				CLANG_WARN_SUSPICIOUS_MOVES = YES;
				CLANG_WARN_UNREACHABLE_CODE = YES;
				CLANG_WARN__DUPLICATE_METHOD_MATCH = YES;
				"CODE_SIGN_IDENTITY[sdk=iphoneos*]" = "iPhone Developer";
				COPY_PHASE_STRIP = NO;
				DEBUG_INFORMATION_FORMAT = "dwarf-with-dsym";
				ENABLE_NS_ASSERTIONS = NO;
				ENABLE_STRICT_OBJC_MSGSEND = YES;
				GCC_C_LANGUAGE_STANDARD = gnu99;
				GCC_NO_COMMON_BLOCKS = YES;
				GCC_WARN_64_TO_32_BIT_CONVERSION = YES;
				GCC_WARN_ABOUT_RETURN_TYPE = YES_ERROR;
				GCC_WARN_UNDECLARED_SELECTOR = YES;
				GCC_WARN_UNINITIALIZED_AUTOS = YES_AGGRESSIVE;
				GCC_WARN_UNUSED_FUNCTION = YES;
				GCC_WARN_UNUSED_VARIABLE = YES;
				IPHONEOS_DEPLOYMENT_TARGET = 10.1;
				MTL_ENABLE_DEBUG_INFO = NO;
				SDKROOT = iphoneos;
				SWIFT_OPTIMIZATION_LEVEL = "-Owholemodule";
				TARGETED_DEVICE_FAMILY = "1,2";
				VALIDATE_PRODUCT = YES;
			};
			name = Release;
		};
		D5FF51E91DEBD9870015AC1E /* Debug */ = {
			isa = XCBuildConfiguration;
			buildSettings = {
				ASSETCATALOG_COMPILER_APPICON_NAME = AppIcon;
				INFOPLIST_FILE = swappingScreens/Info.plist;
				LD_RUNPATH_SEARCH_PATHS = "$(inherited) @executable_path/Frameworks";
				PRODUCT_BUNDLE_IDENTIFIER = com.Italyte.swappingScreens;
				PRODUCT_NAME = "$(TARGET_NAME)";
				SWIFT_VERSION = 3.0;
			};
			name = Debug;
		};
		D5FF51EA1DEBD9870015AC1E /* Release */ = {
			isa = XCBuildConfiguration;
			buildSettings = {
				ASSETCATALOG_COMPILER_APPICON_NAME = AppIcon;
				INFOPLIST_FILE = swappingScreens/Info.plist;
				LD_RUNPATH_SEARCH_PATHS = "$(inherited) @executable_path/Frameworks";
				PRODUCT_BUNDLE_IDENTIFIER = com.Italyte.swappingScreens;
				PRODUCT_NAME = "$(TARGET_NAME)";
				SWIFT_VERSION = 3.0;
			};
			name = Release;
		};
/* End XCBuildConfiguration section */

/* Begin XCConfigurationList section */
		D5FF51D11DEBD9870015AC1E /* Build configuration list for PBXProject "swappingScreens" */ = {
			isa = XCConfigurationList;
			buildConfigurations = (
				D5FF51E61DEBD9870015AC1E /* Debug */,
				D5FF51E71DEBD9870015AC1E /* Release */,
			);
			defaultConfigurationIsVisible = 0;
			defaultConfigurationName = Release;
		};
		D5FF51E81DEBD9870015AC1E /* Build configuration list for PBXNativeTarget "swappingScreens" */ = {
			isa = XCConfigurationList;
			buildConfigurations = (
				D5FF51E91DEBD9870015AC1E /* Debug */,
				D5FF51EA1DEBD9870015AC1E /* Release */,
			);
			defaultConfigurationIsVisible = 0;
		};
/* End XCConfigurationList section */
	};
	rootObject = D5FF51CE1DEBD9870015AC1E /* Project object */;
}
